// !$*UTF8*$!
{
	archiveVersion = 1;
	classes = {
	};
	objectVersion = 46;
	objects = {

/* Begin PBXBuildFile section */
		7D3F13651D22428100FA72EE /* main.m in Sources */ = {isa = PBXBuildFile; fileRef = 7D3F13641D22428100FA72EE /* main.m */; };
		7D3F13681D22428100FA72EE /* AppDelegate.m in Sources */ = {isa = PBXBuildFile; fileRef = 7D3F13671D22428100FA72EE /* AppDelegate.m */; };
		7D3F136B1D22428100FA72EE /* ViewController.m in Sources */ = {isa = PBXBuildFile; fileRef = 7D3F136A1D22428100FA72EE /* ViewController.m */; };
		7D3F136E1D22428100FA72EE /* Main.storyboard in Resources */ = {isa = PBXBuildFile; fileRef = 7D3F136C1D22428100FA72EE /* Main.storyboard */; };
		7D3F13701D22428200FA72EE /* Assets.xcassets in Resources */ = {isa = PBXBuildFile; fileRef = 7D3F136F1D22428200FA72EE /* Assets.xcassets */; };
		7D3F13731D22428200FA72EE /* LaunchScreen.storyboard in Resources */ = {isa = PBXBuildFile; fileRef = 7D3F13711D22428200FA72EE /* LaunchScreen.storyboard */; };
		7D3F137E1D22428200FA72EE /* XCConfigureShareTests.m in Sources */ = {isa = PBXBuildFile; fileRef = 7D3F137D1D22428200FA72EE /* XCConfigureShareTests.m */; };
		7D3F13891D22428200FA72EE /* XCConfigureShareUITests.m in Sources */ = {isa = PBXBuildFile; fileRef = 7D3F13881D22428200FA72EE /* XCConfigureShareUITests.m */; };
/* End PBXBuildFile section */

/* Begin PBXContainerItemProxy section */
		7D3F137A1D22428200FA72EE /* PBXContainerItemProxy */ = {
			isa = PBXContainerItemProxy;
			containerPortal = 7D3F13581D22428100FA72EE /* Project object */;
			proxyType = 1;
			remoteGlobalIDString = 7D3F135F1D22428100FA72EE;
			remoteInfo = XCConfigureShare;
		};
		7D3F13851D22428200FA72EE /* PBXContainerItemProxy */ = {
			isa = PBXContainerItemProxy;
			containerPortal = 7D3F13581D22428100FA72EE /* Project object */;
			proxyType = 1;
			remoteGlobalIDString = 7D3F135F1D22428100FA72EE;
			remoteInfo = XCConfigureShare;
		};
/* End PBXContainerItemProxy section */

/* Begin PBXFileReference section */
		7D3F13601D22428100FA72EE /* XCConfigureShare.app */ = {isa = PBXFileReference; explicitFileType = wrapper.application; includeInIndex = 0; path = XCConfigureShare.app; sourceTree = BUILT_PRODUCTS_DIR; };
		7D3F13641D22428100FA72EE /* main.m */ = {isa = PBXFileReference; lastKnownFileType = sourcecode.c.objc; path = main.m; sourceTree = "<group>"; };
		7D3F13661D22428100FA72EE /* AppDelegate.h */ = {isa = PBXFileReference; lastKnownFileType = sourcecode.c.h; path = AppDelegate.h; sourceTree = "<group>"; };
		7D3F13671D22428100FA72EE /* AppDelegate.m */ = {isa = PBXFileReference; lastKnownFileType = sourcecode.c.objc; path = AppDelegate.m; sourceTree = "<group>"; };
		7D3F13691D22428100FA72EE /* ViewController.h */ = {isa = PBXFileReference; lastKnownFileType = sourcecode.c.h; path = ViewController.h; sourceTree = "<group>"; };
		7D3F136A1D22428100FA72EE /* ViewController.m */ = {isa = PBXFileReference; lastKnownFileType = sourcecode.c.objc; path = ViewController.m; sourceTree = "<group>"; };
		7D3F136D1D22428100FA72EE /* Base */ = {isa = PBXFileReference; lastKnownFileType = file.storyboard; name = Base; path = Base.lproj/Main.storyboard; sourceTree = "<group>"; };
		7D3F136F1D22428200FA72EE /* Assets.xcassets */ = {isa = PBXFileReference; lastKnownFileType = folder.assetcatalog; path = Assets.xcassets; sourceTree = "<group>"; };
		7D3F13721D22428200FA72EE /* Base */ = {isa = PBXFileReference; lastKnownFileType = file.storyboard; name = Base; path = Base.lproj/LaunchScreen.storyboard; sourceTree = "<group>"; };
		7D3F13741D22428200FA72EE /* Info.plist */ = {isa = PBXFileReference; lastKnownFileType = text.plist.xml; path = Info.plist; sourceTree = "<group>"; };
		7D3F13791D22428200FA72EE /* XCConfigureShareTests.xctest */ = {isa = PBXFileReference; explicitFileType = wrapper.cfbundle; includeInIndex = 0; path = XCConfigureShareTests.xctest; sourceTree = BUILT_PRODUCTS_DIR; };
		7D3F137D1D22428200FA72EE /* XCConfigureShareTests.m */ = {isa = PBXFileReference; lastKnownFileType = sourcecode.c.objc; path = XCConfigureShareTests.m; sourceTree = "<group>"; };
		7D3F137F1D22428200FA72EE /* Info.plist */ = {isa = PBXFileReference; lastKnownFileType = text.plist.xml; path = Info.plist; sourceTree = "<group>"; };
		7D3F13841D22428200FA72EE /* XCConfigureShareUITests.xctest */ = {isa = PBXFileReference; explicitFileType = wrapper.cfbundle; includeInIndex = 0; path = XCConfigureShareUITests.xctest; sourceTree = BUILT_PRODUCTS_DIR; };
		7D3F13881D22428200FA72EE /* XCConfigureShareUITests.m */ = {isa = PBXFileReference; lastKnownFileType = sourcecode.c.objc; path = XCConfigureShareUITests.m; sourceTree = "<group>"; };
		7D3F138A1D22428200FA72EE /* Info.plist */ = {isa = PBXFileReference; lastKnownFileType = text.plist.xml; path = Info.plist; sourceTree = "<group>"; };
/* End PBXFileReference section */

/* Begin PBXFrameworksBuildPhase section */
		7D3F135D1D22428100FA72EE /* Frameworks */ = {
			isa = PBXFrameworksBuildPhase;
			buildActionMask = 2147483647;
			files = (
			);
			runOnlyForDeploymentPostprocessing = 0;
		};
		7D3F13761D22428200FA72EE /* Frameworks */ = {
			isa = PBXFrameworksBuildPhase;
			buildActionMask = 2147483647;
			files = (
			);
			runOnlyForDeploymentPostprocessing = 0;
		};
		7D3F13811D22428200FA72EE /* Frameworks */ = {
			isa = PBXFrameworksBuildPhase;
			buildActionMask = 2147483647;
			files = (
			);
			runOnlyForDeploymentPostprocessing = 0;
		};
/* End PBXFrameworksBuildPhase section */

/* Begin PBXGroup section */
		7D3F13571D22428100FA72EE = {
			isa = PBXGroup;
			children = (
				7D3F13621D22428100FA72EE /* XCConfigureShare */,
				7D3F137C1D22428200FA72EE /* XCConfigureShareTests */,
				7D3F13871D22428200FA72EE /* XCConfigureShareUITests */,
				7D3F13611D22428100FA72EE /* Products */,
			);
			sourceTree = "<group>";
		};
		7D3F13611D22428100FA72EE /* Products */ = {
			isa = PBXGroup;
			children = (
				7D3F13601D22428100FA72EE /* XCConfigureShare.app */,
				7D3F13791D22428200FA72EE /* XCConfigureShareTests.xctest */,
				7D3F13841D22428200FA72EE /* XCConfigureShareUITests.xctest */,
			);
			name = Products;
			sourceTree = "<group>";
		};
		7D3F13621D22428100FA72EE /* XCConfigureShare */ = {
			isa = PBXGroup;
			children = (
				7D3F13661D22428100FA72EE /* AppDelegate.h */,
				7D3F13671D22428100FA72EE /* AppDelegate.m */,
				7D3F13691D22428100FA72EE /* ViewController.h */,
				7D3F136A1D22428100FA72EE /* ViewController.m */,
				7D3F136C1D22428100FA72EE /* Main.storyboard */,
				7D3F136F1D22428200FA72EE /* Assets.xcassets */,
				7D3F13711D22428200FA72EE /* LaunchScreen.storyboard */,
				7D3F13741D22428200FA72EE /* Info.plist */,
				7D3F13631D22428100FA72EE /* Supporting Files */,
			);
			path = XCConfigureShare;
			sourceTree = "<group>";
		};
		7D3F13631D22428100FA72EE /* Supporting Files */ = {
			isa = PBXGroup;
			children = (
				7D3F13641D22428100FA72EE /* main.m */,
			);
			name = "Supporting Files";
			sourceTree = "<group>";
		};
		7D3F137C1D22428200FA72EE /* XCConfigureShareTests */ = {
			isa = PBXGroup;
			children = (
				7D3F137D1D22428200FA72EE /* XCConfigureShareTests.m */,
				7D3F137F1D22428200FA72EE /* Info.plist */,
			);
			path = XCConfigureShareTests;
			sourceTree = "<group>";
		};
		7D3F13871D22428200FA72EE /* XCConfigureShareUITests */ = {
			isa = PBXGroup;
			children = (
				7D3F13881D22428200FA72EE /* XCConfigureShareUITests.m */,
				7D3F138A1D22428200FA72EE /* Info.plist */,
			);
			path = XCConfigureShareUITests;
			sourceTree = "<group>";
		};
/* End PBXGroup section */

/* Begin PBXNativeTarget section */
		7D3F135F1D22428100FA72EE /* XCConfigureShare */ = {
			isa = PBXNativeTarget;
			buildConfigurationList = 7D3F138D1D22428200FA72EE /* Build configuration list for PBXNativeTarget "XCConfigureShare" */;
			buildPhases = (
				7D3F135C1D22428100FA72EE /* Sources */,
				7D3F135D1D22428100FA72EE /* Frameworks */,
				7D3F135E1D22428100FA72EE /* Resources */,
			);
			buildRules = (
			);
			dependencies = (
			);
			name = XCConfigureShare;
			productName = XCConfigureShare;
			productReference = 7D3F13601D22428100FA72EE /* XCConfigureShare.app */;
			productType = "com.apple.product-type.application";
		};
		7D3F13781D22428200FA72EE /* XCConfigureShareTests */ = {
			isa = PBXNativeTarget;
			buildConfigurationList = 7D3F13901D22428200FA72EE /* Build configuration list for PBXNativeTarget "XCConfigureShareTests" */;
			buildPhases = (
				7D3F13751D22428200FA72EE /* Sources */,
				7D3F13761D22428200FA72EE /* Frameworks */,
				7D3F13771D22428200FA72EE /* Resources */,
			);
			buildRules = (
			);
			dependencies = (
				7D3F137B1D22428200FA72EE /* PBXTargetDependency */,
			);
			name = XCConfigureShareTests;
			productName = XCConfigureShareTests;
			productReference = 7D3F13791D22428200FA72EE /* XCConfigureShareTests.xctest */;
			productType = "com.apple.product-type.bundle.unit-test";
		};
		7D3F13831D22428200FA72EE /* XCConfigureShareUITests */ = {
			isa = PBXNativeTarget;
			buildConfigurationList = 7D3F13931D22428200FA72EE /* Build configuration list for PBXNativeTarget "XCConfigureShareUITests" */;
			buildPhases = (
				7D3F13801D22428200FA72EE /* Sources */,
				7D3F13811D22428200FA72EE /* Frameworks */,
				7D3F13821D22428200FA72EE /* Resources */,
			);
			buildRules = (
			);
			dependencies = (
				7D3F13861D22428200FA72EE /* PBXTargetDependency */,
			);
			name = XCConfigureShareUITests;
			productName = XCConfigureShareUITests;
			productReference = 7D3F13841D22428200FA72EE /* XCConfigureShareUITests.xctest */;
			productType = "com.apple.product-type.bundle.ui-testing";
		};
/* End PBXNativeTarget section */

/* Begin PBXProject section */
		7D3F13581D22428100FA72EE /* Project object */ = {
			isa = PBXProject;
			attributes = {
				LastUpgradeCheck = 0730;
				ORGANIZATIONNAME = "小蔡";
				TargetAttributes = {
					7D3F135F1D22428100FA72EE = {
						CreatedOnToolsVersion = 7.3;
					};
					7D3F13781D22428200FA72EE = {
						CreatedOnToolsVersion = 7.3;
						TestTargetID = 7D3F135F1D22428100FA72EE;
					};
					7D3F13831D22428200FA72EE = {
						CreatedOnToolsVersion = 7.3;
						TestTargetID = 7D3F135F1D22428100FA72EE;
					};
				};
			};
			buildConfigurationList = 7D3F135B1D22428100FA72EE /* Build configuration list for PBXProject "XCConfigureShare" */;
			compatibilityVersion = "Xcode 3.2";
			developmentRegion = English;
			hasScannedForEncodings = 0;
			knownRegions = (
				en,
				Base,
			);
			mainGroup = 7D3F13571D22428100FA72EE;
			productRefGroup = 7D3F13611D22428100FA72EE /* Products */;
			projectDirPath = "";
			projectRoot = "";
			targets = (
				7D3F135F1D22428100FA72EE /* XCConfigureShare */,
				7D3F13781D22428200FA72EE /* XCConfigureShareTests */,
				7D3F13831D22428200FA72EE /* XCConfigureShareUITests */,
			);
		};
/* End PBXProject section */

/* Begin PBXResourcesBuildPhase section */
		7D3F135E1D22428100FA72EE /* Resources */ = {
			isa = PBXResourcesBuildPhase;
			buildActionMask = 2147483647;
			files = (
				7D3F13731D22428200FA72EE /* LaunchScreen.storyboard in Resources */,
				7D3F13701D22428200FA72EE /* Assets.xcassets in Resources */,
				7D3F136E1D22428100FA72EE /* Main.storyboard in Resources */,
			);
			runOnlyForDeploymentPostprocessing = 0;
		};
		7D3F13771D22428200FA72EE /* Resources */ = {
			isa = PBXResourcesBuildPhase;
			buildActionMask = 2147483647;
			files = (
			);
			runOnlyForDeploymentPostprocessing = 0;
		};
		7D3F13821D22428200FA72EE /* Resources */ = {
			isa = PBXResourcesBuildPhase;
			buildActionMask = 2147483647;
			files = (
			);
			runOnlyForDeploymentPostprocessing = 0;
		};
/* End PBXResourcesBuildPhase section */

/* Begin PBXSourcesBuildPhase section */
		7D3F135C1D22428100FA72EE /* Sources */ = {
			isa = PBXSourcesBuildPhase;
			buildActionMask = 2147483647;
			files = (
				7D3F136B1D22428100FA72EE /* ViewController.m in Sources */,
				7D3F13681D22428100FA72EE /* AppDelegate.m in Sources */,
				7D3F13651D22428100FA72EE /* main.m in Sources */,
			);
			runOnlyForDeploymentPostprocessing = 0;
		};
		7D3F13751D22428200FA72EE /* Sources */ = {
			isa = PBXSourcesBuildPhase;
			buildActionMask = 2147483647;
			files = (
				7D3F137E1D22428200FA72EE /* XCConfigureShareTests.m in Sources */,
			);
			runOnlyForDeploymentPostprocessing = 0;
		};
		7D3F13801D22428200FA72EE /* Sources */ = {
			isa = PBXSourcesBuildPhase;
			buildActionMask = 2147483647;
			files = (
				7D3F13891D22428200FA72EE /* XCConfigureShareUITests.m in Sources */,
			);
			runOnlyForDeploymentPostprocessing = 0;
		};
/* End PBXSourcesBuildPhase section */

/* Begin PBXTargetDependency section */
		7D3F137B1D22428200FA72EE /* PBXTargetDependency */ = {
			isa = PBXTargetDependency;
			target = 7D3F135F1D22428100FA72EE /* XCConfigureShare */;
			targetProxy = 7D3F137A1D22428200FA72EE /* PBXContainerItemProxy */;
		};
		7D3F13861D22428200FA72EE /* PBXTargetDependency */ = {
			isa = PBXTargetDependency;
			target = 7D3F135F1D22428100FA72EE /* XCConfigureShare */;
			targetProxy = 7D3F13851D22428200FA72EE /* PBXContainerItemProxy */;
		};
/* End PBXTargetDependency section */

/* Begin PBXVariantGroup section */
		7D3F136C1D22428100FA72EE /* Main.storyboard */ = {
			isa = PBXVariantGroup;
			children = (
				7D3F136D1D22428100FA72EE /* Base */,
			);
			name = Main.storyboard;
			sourceTree = "<group>";
		};
		7D3F13711D22428200FA72EE /* LaunchScreen.storyboard */ = {
			isa = PBXVariantGroup;
			children = (
				7D3F13721D22428200FA72EE /* Base */,
			);
			name = LaunchScreen.storyboard;
			sourceTree = "<group>";
		};
/* End PBXVariantGroup section */

/* Begin XCBuildConfiguration section */
		7D3F138B1D22428200FA72EE /* Debug */ = {
			isa = XCBuildConfiguration;
			buildSettings = {
				ALWAYS_SEARCH_USER_PATHS = NO;
				CLANG_ANALYZER_NONNULL = YES;
				CLANG_CXX_LANGUAGE_STANDARD = "gnu++0x";
				CLANG_CXX_LIBRARY = "libc++";
				CLANG_ENABLE_MODULES = YES;
				CLANG_ENABLE_OBJC_ARC = YES;
				CLANG_WARN_BOOL_CONVERSION = YES;
				CLANG_WARN_CONSTANT_CONVERSION = YES;
				CLANG_WARN_DIRECT_OBJC_ISA_USAGE = YES_ERROR;
				CLANG_WARN_EMPTY_BODY = YES;
				CLANG_WARN_ENUM_CONVERSION = YES;
				CLANG_WARN_INT_CONVERSION = YES;
				CLANG_WARN_OBJC_ROOT_CLASS = YES_ERROR;
				CLANG_WARN_UNREACHABLE_CODE = YES;
				CLANG_WARN__DUPLICATE_METHOD_MATCH = YES;
				"CODE_SIGN_IDENTITY[sdk=iphoneos*]" = "iPhone Developer";
				COPY_PHASE_STRIP = NO;
				DEBUG_INFORMATION_FORMAT = dwarf;
				ENABLE_STRICT_OBJC_MSGSEND = YES;
				ENABLE_TESTABILITY = YES;
				GCC_C_LANGUAGE_STANDARD = gnu99;
				GCC_DYNAMIC_NO_PIC = NO;
				GCC_NO_COMMON_BLOCKS = YES;
				GCC_OPTIMIZATION_LEVEL = 0;
				GCC_PREPROCESSOR_DEFINITIONS = (
					"DEBUG=1",
					"$(inherited)",
				);
				GCC_WARN_64_TO_32_BIT_CONVERSION = YES;
				GCC_WARN_ABOUT_RETURN_TYPE = YES_ERROR;
				GCC_WARN_UNDECLARED_SELECTOR = YES;
				GCC_WARN_UNINITIALIZED_AUTOS = YES_AGGRESSIVE;
				GCC_WARN_UNUSED_FUNCTION = YES;
				GCC_WARN_UNUSED_VARIABLE = YES;
				IPHONEOS_DEPLOYMENT_TARGET = 9.3;
				MTL_ENABLE_DEBUG_INFO = YES;
				ONLY_ACTIVE_ARCH = YES;
				SDKROOT = iphoneos;
			};
			name = Debug;
		};
		7D3F138C1D22428200FA72EE /* Release */ = {
			isa = XCBuildConfiguration;
			buildSettings = {
				ALWAYS_SEARCH_USER_PATHS = NO;
				CLANG_ANALYZER_NONNULL = YES;
				CLANG_CXX_LANGUAGE_STANDARD = "gnu++0x";
				CLANG_CXX_LIBRARY = "libc++";
				CLANG_ENABLE_MODULES = YES;
				CLANG_ENABLE_OBJC_ARC = YES;
				CLANG_WARN_BOOL_CONVERSION = YES;
				CLANG_WARN_CONSTANT_CONVERSION = YES;
				CLANG_WARN_DIRECT_OBJC_ISA_USAGE = YES_ERROR;
				CLANG_WARN_EMPTY_BODY = YES;
				CLANG_WARN_ENUM_CONVERSION = YES;
				CLANG_WARN_INT_CONVERSION = YES;
				CLANG_WARN_OBJC_ROOT_CLASS = YES_ERROR;
				CLANG_WARN_UNREACHABLE_CODE = YES;
				CLANG_WARN__DUPLICATE_METHOD_MATCH = YES;
				"CODE_SIGN_IDENTITY[sdk=iphoneos*]" = "iPhone Developer";
				COPY_PHASE_STRIP = NO;
				DEBUG_INFORMATION_FORMAT = "dwarf-with-dsym";
				ENABLE_NS_ASSERTIONS = NO;
				ENABLE_STRICT_OBJC_MSGSEND = YES;
				GCC_C_LANGUAGE_STANDARD = gnu99;
				GCC_NO_COMMON_BLOCKS = YES;
				GCC_WARN_64_TO_32_BIT_CONVERSION = YES;
				GCC_WARN_ABOUT_RETURN_TYPE = YES_ERROR;
				GCC_WARN_UNDECLARED_SELECTOR = YES;
				GCC_WARN_UNINITIALIZED_AUTOS = YES_AGGRESSIVE;
				GCC_WARN_UNUSED_FUNCTION = YES;
				GCC_WARN_UNUSED_VARIABLE = YES;
				IPHONEOS_DEPLOYMENT_TARGET = 9.3;
				MTL_ENABLE_DEBUG_INFO = NO;
				SDKROOT = iphoneos;
				VALIDATE_PRODUCT = YES;
			};
			name = Release;
		};
		7D3F138E1D22428200FA72EE /* Debug */ = {
			isa = XCBuildConfiguration;
			buildSettings = {
				ASSETCATALOG_COMPILER_APPICON_NAME = AppIcon;
				INFOPLIST_FILE = XCConfigureShare/Info.plist;
				LD_RUNPATH_SEARCH_PATHS = "$(inherited) @executable_path/Frameworks";
				PRODUCT_BUNDLE_IDENTIFIER = com.ssdf.zc.XCConfigureShare;
				PRODUCT_NAME = "$(TARGET_NAME)";
			};
			name = Debug;
		};
		7D3F138F1D22428200FA72EE /* Release */ = {
			isa = XCBuildConfiguration;
			buildSettings = {
				ASSETCATALOG_COMPILER_APPICON_NAME = AppIcon;
				INFOPLIST_FILE = XCConfigureShare/Info.plist;
				LD_RUNPATH_SEARCH_PATHS = "$(inherited) @executable_path/Frameworks";
				PRODUCT_BUNDLE_IDENTIFIER = com.ssdf.zc.XCConfigureShare;
				PRODUCT_NAME = "$(TARGET_NAME)";
			};
			name = Release;
		};
		7D3F13911D22428200FA72EE /* Debug */ = {
			isa = XCBuildConfiguration;
			buildSettings = {
				BUNDLE_LOADER = "$(TEST_HOST)";
				INFOPLIST_FILE = XCConfigureShareTests/Info.plist;
				LD_RUNPATH_SEARCH_PATHS = "$(inherited) @executable_path/Frameworks @loader_path/Frameworks";
				PRODUCT_BUNDLE_IDENTIFIER = com.ssdf.zc.XCConfigureShareTests;
				PRODUCT_NAME = "$(TARGET_NAME)";
				TEST_HOST = "$(BUILT_PRODUCTS_DIR)/XCConfigureShare.app/XCConfigureShare";
			};
			name = Debug;
		};
		7D3F13921D22428200FA72EE /* Release */ = {
			isa = XCBuildConfiguration;
			buildSettings = {
				BUNDLE_LOADER = "$(TEST_HOST)";
				INFOPLIST_FILE = XCConfigureShareTests/Info.plist;
				LD_RUNPATH_SEARCH_PATHS = "$(inherited) @executable_path/Frameworks @loader_path/Frameworks";
				PRODUCT_BUNDLE_IDENTIFIER = com.ssdf.zc.XCConfigureShareTests;
				PRODUCT_NAME = "$(TARGET_NAME)";
				TEST_HOST = "$(BUILT_PRODUCTS_DIR)/XCConfigureShare.app/XCConfigureShare";
			};
			name = Release;
		};
		7D3F13941D22428200FA72EE /* Debug */ = {
			isa = XCBuildConfiguration;
			buildSettings = {
				INFOPLIST_FILE = XCConfigureShareUITests/Info.plist;
				LD_RUNPATH_SEARCH_PATHS = "$(inherited) @executable_path/Frameworks @loader_path/Frameworks";
				PRODUCT_BUNDLE_IDENTIFIER = com.ssdf.zc.XCConfigureShareUITests;
				PRODUCT_NAME = "$(TARGET_NAME)";
				TEST_TARGET_NAME = XCConfigureShare;
			};
			name = Debug;
		};
		7D3F13951D22428200FA72EE /* Release */ = {
			isa = XCBuildConfiguration;
			buildSettings = {
				INFOPLIST_FILE = XCConfigureShareUITests/Info.plist;
				LD_RUNPATH_SEARCH_PATHS = "$(inherited) @executable_path/Frameworks @loader_path/Frameworks";
				PRODUCT_BUNDLE_IDENTIFIER = com.ssdf.zc.XCConfigureShareUITests;
				PRODUCT_NAME = "$(TARGET_NAME)";
				TEST_TARGET_NAME = XCConfigureShare;
			};
			name = Release;
		};
/* End XCBuildConfiguration section */

/* Begin XCConfigurationList section */
		7D3F135B1D22428100FA72EE /* Build configuration list for PBXProject "XCConfigureShare" */ = {
			isa = XCConfigurationList;
			buildConfigurations = (
				7D3F138B1D22428200FA72EE /* Debug */,
				7D3F138C1D22428200FA72EE /* Release */,
			);
			defaultConfigurationIsVisible = 0;
			defaultConfigurationName = Release;
		};
		7D3F138D1D22428200FA72EE /* Build configuration list for PBXNativeTarget "XCConfigureShare" */ = {
			isa = XCConfigurationList;
			buildConfigurations = (
				7D3F138E1D22428200FA72EE /* Debug */,
				7D3F138F1D22428200FA72EE /* Release */,
			);
			defaultConfigurationIsVisible = 0;
		};
		7D3F13901D22428200FA72EE /* Build configuration list for PBXNativeTarget "XCConfigureShareTests" */ = {
			isa = XCConfigurationList;
			buildConfigurations = (
				7D3F13911D22428200FA72EE /* Debug */,
				7D3F13921D22428200FA72EE /* Release */,
			);
			defaultConfigurationIsVisible = 0;
		};
		7D3F13931D22428200FA72EE /* Build configuration list for PBXNativeTarget "XCConfigureShareUITests" */ = {
			isa = XCConfigurationList;
			buildConfigurations = (
				7D3F13941D22428200FA72EE /* Debug */,
				7D3F13951D22428200FA72EE /* Release */,
			);
			defaultConfigurationIsVisible = 0;
		};
/* End XCConfigurationList section */
	};
	rootObject = 7D3F13581D22428100FA72EE /* Project object */;
}
